
Microsoft Visual Studio Solution File, Format Version 12.00
# Visual Studio Version 17
VisualStudioVersion = 17.3.32804.467
MinimumVisualStudioVersion = 10.0.40219.1
Project("{2150E333-8FDC-42A3-9474-1A3956D46DE8}") = "Common", "Common", "{87EDBCBA-2E19-4D53-885B-BC31A5468FD3}"
EndProject
Project("{2150E333-8FDC-42A3-9474-1A3956D46DE8}") = "Catalog", "Catalog", "{D0624682-0BC0-414B-8FB1-671B37140CC7}"
EndProject
Project("{9A19103F-16F7-4668-BE54-9A1E7A4F7556}") = "VivaioInCloud.Catalog.Api", "src\Catalog\VivaioInCloud.Catalog.Api\VivaioInCloud.Catalog.Api.csproj", "{DA035387-A39E-4364-B00B-13552AE7217D}"
EndProject
Project("{9A19103F-16F7-4668-BE54-9A1E7A4F7556}") = "VivaioInCloud.Catalog.Abstraction", "src\Catalog\VivaioInCloud.Catalog.Abstraction\VivaioInCloud.Catalog.Abstraction.csproj", "{57F4E531-C35E-4216-AEE2-170FD242A5A3}"
EndProject
Project("{9A19103F-16F7-4668-BE54-9A1E7A4F7556}") = "VivaioInCloud.Common", "src\Common\VivaioInCloud.Common\VivaioInCloud.Common.csproj", "{27231779-F7F4-4568-AEB4-6763FD773C97}"
EndProject
Project("{9A19103F-16F7-4668-BE54-9A1E7A4F7556}") = "VivaioInCloud.Catalog.Entities", "src\Catalog\VivaioInCloud.Catalog.Entities\VivaioInCloud.Catalog.Entities.csproj", "{308458E7-DC05-4998-98A6-15D7F43509AE}"
EndProject
Project("{9A19103F-16F7-4668-BE54-9A1E7A4F7556}") = "VivaioInCloud.Catalog.Infrastructure", "src\Catalog\VivaioInCloud.Catalog.Infrastructure\VivaioInCloud.Catalog.Infrastructure.csproj", "{59F8AB82-BCA8-4690-9A91-3F9296DE7D2B}"
EndProject
Project("{9A19103F-16F7-4668-BE54-9A1E7A4F7556}") = "VivaioInCloud.Catalog.Services", "src\Catalog\VivaioInCloud.Catalog.Services\VivaioInCloud.Catalog.Services.csproj", "{88181A36-5A11-4722-9457-13F6459625B8}"
EndProject
Project("{2150E333-8FDC-42A3-9474-1A3956D46DE8}") = "Identity", "Identity", "{8EB21932-A382-42FC-B294-7CF90CA69657}"
EndProject
Project("{9A19103F-16F7-4668-BE54-9A1E7A4F7556}") = "VivaioInCloud.Identity.Abstraction", "src\Identity\VivaioInCloud.Identity.Abstraction\VivaioInCloud.Identity.Abstraction.csproj", "{5657F7A7-85A2-48D1-AB0F-CFAE81DC96E6}"
EndProject
Project("{9A19103F-16F7-4668-BE54-9A1E7A4F7556}") = "VivaioInCloud.Identity.Infrastructure", "src\Identity\VivaioInCloud.Identity.Infrastructure\VivaioInCloud.Identity.Infrastructure.csproj", "{C570A5E3-DA12-494C-B038-59745368FC7F}"
EndProject
Project("{9A19103F-16F7-4668-BE54-9A1E7A4F7556}") = "VivaioInCloud.Identity.Services", "src\Identity\VivaioInCloud.Identity.Services\VivaioInCloud.Identity.Services.csproj", "{566B570B-7CBB-46C9-B692-ED6D387FE3AB}"
EndProject
Project("{9A19103F-16F7-4668-BE54-9A1E7A4F7556}") = "VivaioInCloud.Identity.Entities", "src\Identity\VivaioInCloud.Identity.Entities\VivaioInCloud.Identity.Entities.csproj", "{401E5CFA-BAFC-4EFD-AE45-748640CE656B}"
EndProject
Project("{9A19103F-16F7-4668-BE54-9A1E7A4F7556}") = "VivaioInCloud.Identity.Api", "src\Identity\VivaioInCloud.Identity.Api\VivaioInCloud.Identity.Api.csproj", "{1972A653-AECE-4CF0-8BEF-D7108A5B1102}"
EndProject
Project("{9A19103F-16F7-4668-BE54-9A1E7A4F7556}") = "VivaioInCloud.Notificator", "src\Common\VivaioInCloud.Notificator\VivaioInCloud.Notificator.csproj", "{B3C93F5F-F793-4458-B74E-B06DA065DF33}"
EndProject
Project("{2150E333-8FDC-42A3-9474-1A3956D46DE8}") = "Notification", "Notification", "{22711BC7-FF04-490C-9634-BAC9DB1090BB}"
EndProject
Project("{9A19103F-16F7-4668-BE54-9A1E7A4F7556}") = "VivaioInCloud.Notification.Abstraction", "src\Notification\VivaioInCloud.Notification.Abstraction\VivaioInCloud.Notification.Abstraction.csproj", "{786F45DB-BD7A-4991-A220-0C9F39283953}"
EndProject
Project("{9A19103F-16F7-4668-BE54-9A1E7A4F7556}") = "VivaioInCloud.Notification.Entities", "src\Notification\VivaioInCloud.Notification.Entities\VivaioInCloud.Notification.Entities.csproj", "{7B5D68E4-5C67-4BFF-90D3-A565BB300B2D}"
EndProject
Project("{9A19103F-16F7-4668-BE54-9A1E7A4F7556}") = "VivaioInCloud.Notification.Services", "src\Notification\VivaioInCloud.Notification.Services\VivaioInCloud.Notification.Services.csproj", "{88186F86-A01E-4827-9A61-18FC8BDED53B}"
EndProject
Project("{9A19103F-16F7-4668-BE54-9A1E7A4F7556}") = "VivaioInCloud.Notification.Infrastructure", "src\Notification\VivaioInCloud.Notification.Infrastructure\VivaioInCloud.Notification.Infrastructure.csproj", "{E58FFA22-5B36-4D78-AFEB-ABD4015D7E58}"
EndProject
Project("{9A19103F-16F7-4668-BE54-9A1E7A4F7556}") = "VivaioInCloud.Notification.Api", "src\Notification\VivaioInCloud.Notification.Api\VivaioInCloud.Notification.Api.csproj", "{29B1975F-2188-498A-857F-B222B3671F8C}"
EndProject
Project("{FAE04EC0-301F-11D3-BF4B-00C04F79EFBC}") = "VivaioInCloud.Notificator.RabbitMqEventBus", "src\Common\VivaioInCloud.Notificator.RabbitMqEventBus\VivaioInCloud.Notificator.RabbitMqEventBus.csproj", "{181C9E08-EC16-4C44-BC58-4B6CFDB4B028}"
EndProject
Global
	GlobalSection(SolutionConfigurationPlatforms) = preSolution
		Debug|Any CPU = Debug|Any CPU
		Release|Any CPU = Release|Any CPU
	EndGlobalSection
	GlobalSection(ProjectConfigurationPlatforms) = postSolution
		{DA035387-A39E-4364-B00B-13552AE7217D}.Debug|Any CPU.ActiveCfg = Debug|Any CPU
		{DA035387-A39E-4364-B00B-13552AE7217D}.Debug|Any CPU.Build.0 = Debug|Any CPU
		{DA035387-A39E-4364-B00B-13552AE7217D}.Release|Any CPU.ActiveCfg = Release|Any CPU
		{DA035387-A39E-4364-B00B-13552AE7217D}.Release|Any CPU.Build.0 = Release|Any CPU
		{57F4E531-C35E-4216-AEE2-170FD242A5A3}.Debug|Any CPU.ActiveCfg = Debug|Any CPU
		{57F4E531-C35E-4216-AEE2-170FD242A5A3}.Debug|Any CPU.Build.0 = Debug|Any CPU
		{57F4E531-C35E-4216-AEE2-170FD242A5A3}.Release|Any CPU.ActiveCfg = Release|Any CPU
		{57F4E531-C35E-4216-AEE2-170FD242A5A3}.Release|Any CPU.Build.0 = Release|Any CPU
		{27231779-F7F4-4568-AEB4-6763FD773C97}.Debug|Any CPU.ActiveCfg = Debug|Any CPU
		{27231779-F7F4-4568-AEB4-6763FD773C97}.Debug|Any CPU.Build.0 = Debug|Any CPU
		{27231779-F7F4-4568-AEB4-6763FD773C97}.Release|Any CPU.ActiveCfg = Release|Any CPU
		{27231779-F7F4-4568-AEB4-6763FD773C97}.Release|Any CPU.Build.0 = Release|Any CPU
		{308458E7-DC05-4998-98A6-15D7F43509AE}.Debug|Any CPU.ActiveCfg = Debug|Any CPU
		{308458E7-DC05-4998-98A6-15D7F43509AE}.Debug|Any CPU.Build.0 = Debug|Any CPU
		{308458E7-DC05-4998-98A6-15D7F43509AE}.Release|Any CPU.ActiveCfg = Release|Any CPU
		{308458E7-DC05-4998-98A6-15D7F43509AE}.Release|Any CPU.Build.0 = Release|Any CPU
		{59F8AB82-BCA8-4690-9A91-3F9296DE7D2B}.Debug|Any CPU.ActiveCfg = Debug|Any CPU
		{59F8AB82-BCA8-4690-9A91-3F9296DE7D2B}.Debug|Any CPU.Build.0 = Debug|Any CPU
		{59F8AB82-BCA8-4690-9A91-3F9296DE7D2B}.Release|Any CPU.ActiveCfg = Release|Any CPU
		{59F8AB82-BCA8-4690-9A91-3F9296DE7D2B}.Release|Any CPU.Build.0 = Release|Any CPU
		{88181A36-5A11-4722-9457-13F6459625B8}.Debug|Any CPU.ActiveCfg = Debug|Any CPU
		{88181A36-5A11-4722-9457-13F6459625B8}.Debug|Any CPU.Build.0 = Debug|Any CPU
		{88181A36-5A11-4722-9457-13F6459625B8}.Release|Any CPU.ActiveCfg = Release|Any CPU
		{88181A36-5A11-4722-9457-13F6459625B8}.Release|Any CPU.Build.0 = Release|Any CPU
		{5657F7A7-85A2-48D1-AB0F-CFAE81DC96E6}.Debug|Any CPU.ActiveCfg = Debug|Any CPU
		{5657F7A7-85A2-48D1-AB0F-CFAE81DC96E6}.Debug|Any CPU.Build.0 = Debug|Any CPU
		{5657F7A7-85A2-48D1-AB0F-CFAE81DC96E6}.Release|Any CPU.ActiveCfg = Release|Any CPU
		{5657F7A7-85A2-48D1-AB0F-CFAE81DC96E6}.Release|Any CPU.Build.0 = Release|Any CPU
		{C570A5E3-DA12-494C-B038-59745368FC7F}.Debug|Any CPU.ActiveCfg = Debug|Any CPU
		{C570A5E3-DA12-494C-B038-59745368FC7F}.Debug|Any CPU.Build.0 = Debug|Any CPU
		{C570A5E3-DA12-494C-B038-59745368FC7F}.Release|Any CPU.ActiveCfg = Release|Any CPU
		{C570A5E3-DA12-494C-B038-59745368FC7F}.Release|Any CPU.Build.0 = Release|Any CPU
		{566B570B-7CBB-46C9-B692-ED6D387FE3AB}.Debug|Any CPU.ActiveCfg = Debug|Any CPU
		{566B570B-7CBB-46C9-B692-ED6D387FE3AB}.Debug|Any CPU.Build.0 = Debug|Any CPU
		{566B570B-7CBB-46C9-B692-ED6D387FE3AB}.Release|Any CPU.ActiveCfg = Release|Any CPU
		{566B570B-7CBB-46C9-B692-ED6D387FE3AB}.Release|Any CPU.Build.0 = Release|Any CPU
		{401E5CFA-BAFC-4EFD-AE45-748640CE656B}.Debug|Any CPU.ActiveCfg = Debug|Any CPU
		{401E5CFA-BAFC-4EFD-AE45-748640CE656B}.Debug|Any CPU.Build.0 = Debug|Any CPU
		{401E5CFA-BAFC-4EFD-AE45-748640CE656B}.Release|Any CPU.ActiveCfg = Release|Any CPU
		{401E5CFA-BAFC-4EFD-AE45-748640CE656B}.Release|Any CPU.Build.0 = Release|Any CPU
		{1972A653-AECE-4CF0-8BEF-D7108A5B1102}.Debug|Any CPU.ActiveCfg = Debug|Any CPU
		{1972A653-AECE-4CF0-8BEF-D7108A5B1102}.Debug|Any CPU.Build.0 = Debug|Any CPU
		{1972A653-AECE-4CF0-8BEF-D7108A5B1102}.Release|Any CPU.ActiveCfg = Release|Any CPU
		{1972A653-AECE-4CF0-8BEF-D7108A5B1102}.Release|Any CPU.Build.0 = Release|Any CPU
		{B3C93F5F-F793-4458-B74E-B06DA065DF33}.Debug|Any CPU.ActiveCfg = Debug|Any CPU
		{B3C93F5F-F793-4458-B74E-B06DA065DF33}.Debug|Any CPU.Build.0 = Debug|Any CPU
		{B3C93F5F-F793-4458-B74E-B06DA065DF33}.Release|Any CPU.ActiveCfg = Release|Any CPU
		{B3C93F5F-F793-4458-B74E-B06DA065DF33}.Release|Any CPU.Build.0 = Release|Any CPU
		{786F45DB-BD7A-4991-A220-0C9F39283953}.Debug|Any CPU.ActiveCfg = Debug|Any CPU
		{786F45DB-BD7A-4991-A220-0C9F39283953}.Debug|Any CPU.Build.0 = Debug|Any CPU
		{786F45DB-BD7A-4991-A220-0C9F39283953}.Release|Any CPU.ActiveCfg = Release|Any CPU
		{786F45DB-BD7A-4991-A220-0C9F39283953}.Release|Any CPU.Build.0 = Release|Any CPU
		{7B5D68E4-5C67-4BFF-90D3-A565BB300B2D}.Debug|Any CPU.ActiveCfg = Debug|Any CPU
		{7B5D68E4-5C67-4BFF-90D3-A565BB300B2D}.Debug|Any CPU.Build.0 = Debug|Any CPU
		{7B5D68E4-5C67-4BFF-90D3-A565BB300B2D}.Release|Any CPU.ActiveCfg = Release|Any CPU
		{7B5D68E4-5C67-4BFF-90D3-A565BB300B2D}.Release|Any CPU.Build.0 = Release|Any CPU
		{88186F86-A01E-4827-9A61-18FC8BDED53B}.Debug|Any CPU.ActiveCfg = Debug|Any CPU
		{88186F86-A01E-4827-9A61-18FC8BDED53B}.Debug|Any CPU.Build.0 = Debug|Any CPU
		{88186F86-A01E-4827-9A61-18FC8BDED53B}.Release|Any CPU.ActiveCfg = Release|Any CPU
		{88186F86-A01E-4827-9A61-18FC8BDED53B}.Release|Any CPU.Build.0 = Release|Any CPU
		{E58FFA22-5B36-4D78-AFEB-ABD4015D7E58}.Debug|Any CPU.ActiveCfg = Debug|Any CPU
		{E58FFA22-5B36-4D78-AFEB-ABD4015D7E58}.Debug|Any CPU.Build.0 = Debug|Any CPU
		{E58FFA22-5B36-4D78-AFEB-ABD4015D7E58}.Release|Any CPU.ActiveCfg = Release|Any CPU
		{E58FFA22-5B36-4D78-AFEB-ABD4015D7E58}.Release|Any CPU.Build.0 = Release|Any CPU
		{29B1975F-2188-498A-857F-B222B3671F8C}.Debug|Any CPU.ActiveCfg = Debug|Any CPU
		{29B1975F-2188-498A-857F-B222B3671F8C}.Debug|Any CPU.Build.0 = Debug|Any CPU
		{29B1975F-2188-498A-857F-B222B3671F8C}.Release|Any CPU.ActiveCfg = Release|Any CPU
		{29B1975F-2188-498A-857F-B222B3671F8C}.Release|Any CPU.Build.0 = Release|Any CPU
		{181C9E08-EC16-4C44-BC58-4B6CFDB4B028}.Debug|Any CPU.ActiveCfg = Debug|Any CPU
		{181C9E08-EC16-4C44-BC58-4B6CFDB4B028}.Debug|Any CPU.Build.0 = Debug|Any CPU
		{181C9E08-EC16-4C44-BC58-4B6CFDB4B028}.Release|Any CPU.ActiveCfg = Release|Any CPU
		{181C9E08-EC16-4C44-BC58-4B6CFDB4B028}.Release|Any CPU.Build.0 = Release|Any CPU
	EndGlobalSection
	GlobalSection(SolutionProperties) = preSolution
		HideSolutionNode = FALSE
	EndGlobalSection
	GlobalSection(NestedProjects) = preSolution
		{DA035387-A39E-4364-B00B-13552AE7217D} = {D0624682-0BC0-414B-8FB1-671B37140CC7}
		{57F4E531-C35E-4216-AEE2-170FD242A5A3} = {D0624682-0BC0-414B-8FB1-671B37140CC7}
		{27231779-F7F4-4568-AEB4-6763FD773C97} = {87EDBCBA-2E19-4D53-885B-BC31A5468FD3}
		{308458E7-DC05-4998-98A6-15D7F43509AE} = {D0624682-0BC0-414B-8FB1-671B37140CC7}
		{59F8AB82-BCA8-4690-9A91-3F9296DE7D2B} = {D0624682-0BC0-414B-8FB1-671B37140CC7}
		{88181A36-5A11-4722-9457-13F6459625B8} = {D0624682-0BC0-414B-8FB1-671B37140CC7}
		{5657F7A7-85A2-48D1-AB0F-CFAE81DC96E6} = {8EB21932-A382-42FC-B294-7CF90CA69657}
		{C570A5E3-DA12-494C-B038-59745368FC7F} = {8EB21932-A382-42FC-B294-7CF90CA69657}
		{566B570B-7CBB-46C9-B692-ED6D387FE3AB} = {8EB21932-A382-42FC-B294-7CF90CA69657}
		{401E5CFA-BAFC-4EFD-AE45-748640CE656B} = {8EB21932-A382-42FC-B294-7CF90CA69657}
		{1972A653-AECE-4CF0-8BEF-D7108A5B1102} = {8EB21932-A382-42FC-B294-7CF90CA69657}
		{B3C93F5F-F793-4458-B74E-B06DA065DF33} = {87EDBCBA-2E19-4D53-885B-BC31A5468FD3}
		{786F45DB-BD7A-4991-A220-0C9F39283953} = {22711BC7-FF04-490C-9634-BAC9DB1090BB}
		{7B5D68E4-5C67-4BFF-90D3-A565BB300B2D} = {22711BC7-FF04-490C-9634-BAC9DB1090BB}
		{88186F86-A01E-4827-9A61-18FC8BDED53B} = {22711BC7-FF04-490C-9634-BAC9DB1090BB}
		{E58FFA22-5B36-4D78-AFEB-ABD4015D7E58} = {22711BC7-FF04-490C-9634-BAC9DB1090BB}
		{29B1975F-2188-498A-857F-B222B3671F8C} = {22711BC7-FF04-490C-9634-BAC9DB1090BB}
		{181C9E08-EC16-4C44-BC58-4B6CFDB4B028} = {87EDBCBA-2E19-4D53-885B-BC31A5468FD3}
	EndGlobalSection
	GlobalSection(ExtensibilityGlobals) = postSolution
		SolutionGuid = {43A0F269-C1B9-4B0E-823E-8B5478B6D75E}
	EndGlobalSection
EndGlobal
